
Microsoft Visual Studio Solution File, Format Version 12.00
# Visual Studio Version 16
VisualStudioVersion = 16.0.810.17
MinimumVisualStudioVersion = 10.0.40219.1
Project("{FAE04EC0-301F-11D3-BF4B-00C04F79EFBC}") = "Spotify", "Spotify\Spotify.csproj", "{F3DAD570-CDB5-4624-9A95-25877B45291E}"
EndProject
Global
	GlobalSection(SolutionConfigurationPlatforms) = preSolution
		Debug|Any CPU = Debug|Any CPU
		Release|Any CPU = Release|Any CPU
	EndGlobalSection
	GlobalSection(ProjectConfigurationPlatforms) = postSolution
		{F3DAD570-CDB5-4624-9A95-25877B45291E}.Debug|Any CPU.ActiveCfg = Debug|Any CPU
		{F3DAD570-CDB5-4624-9A95-25877B45291E}.Debug|Any CPU.Build.0 = Debug|Any CPU
		{F3DAD570-CDB5-4624-9A95-25877B45291E}.Release|Any CPU.ActiveCfg = Release|Any CPU
		{F3DAD570-CDB5-4624-9A95-25877B45291E}.Release|Any CPU.Build.0 = Release|Any CPU
	EndGlobalSection
	GlobalSection(SolutionProperties) = preSolution
		HideSolutionNode = FALSE
	EndGlobalSection
	GlobalSection(ExtensibilityGlobals) = postSolution
		SolutionGuid = {135CC644-D9CE-4204-A6D2-2350981BA252}
	EndGlobalSection
EndGlobal
